Microsoft Visual Studio Solution File, Format Version 12.00
# Visual Studio Version 18
VisualStudioVersion = 18.0.11109.219 d18.0-oob
MinimumVisualStudioVersion = 10.0.40219.1
Project("{FAE04EC0-301F-11D3-BF4B-00C04F79EFBC}") = "ApiApplication", "ApiApplication\ApiApplication.csproj", "{9A0CF764-9A95-5D9D-F12B-81FF10DC0AEF}"
EndProject
Project("{FAE04EC0-301F-11D3-BF4B-00C04F79EFBC}") = "FaceRecognation", "FaceRecognation\FaceRecognation.csproj", "{577552DE-5A0B-4FFA-B67C-FAFA044CA0FE}"
EndProject
Global
	GlobalSection(SolutionConfigurationPlatforms) = preSolution
		Debug|Any CPU = Debug|Any CPU
		Release|Any CPU = Release|Any CPU
	EndGlobalSection
	GlobalSection(ProjectConfigurationPlatforms) = postSolution
		{9A0CF764-9A95-5D9D-F12B-81FF10DC0AEF}.Debug|Any CPU.ActiveCfg = Debug|Any CPU
		{9A0CF764-9A95-5D9D-F12B-81FF10DC0AEF}.Debug|Any CPU.Build.0 = Debug|Any CPU
		{9A0CF764-9A95-5D9D-F12B-81FF10DC0AEF}.Release|Any CPU.ActiveCfg = Release|Any CPU
		{9A0CF764-9A95-5D9D-F12B-81FF10DC0AEF}.Release|Any CPU.Build.0 = Release|Any CPU
		{577552DE-5A0B-4FFA-B67C-FAFA044CA0FE}.Debug|Any CPU.ActiveCfg = Debug|Any CPU
		{577552DE-5A0B-4FFA-B67C-FAFA044CA0FE}.Debug|Any CPU.Build.0 = Debug|Any CPU
		{577552DE-5A0B-4FFA-B67C-FAFA044CA0FE}.Release|Any CPU.ActiveCfg = Release|Any CPU
		{577552DE-5A0B-4FFA-B67C-FAFA044CA0FE}.Release|Any CPU.Build.0 = Release|Any CPU
	EndGlobalSection
	GlobalSection(SolutionProperties) = preSolution
		HideSolutionNode = FALSE
	EndGlobalSection
	GlobalSection(ExtensibilityGlobals) = postSolution
		SolutionGuid = {538FC216-260C-4FA1-9A64-F811A6810BA5}
	EndGlobalSection
EndGlobal
